# This file is @generated by PDM.
# It is not intended for manual editing.

[metadata]
groups = ["default"]
cross_platform = true
static_urls = false
lock_version = "4.3"
content_hash = "sha256:aaba2b57bbbb4efc03fdd01fe881b1fb4f7ce20e188b6c8e6abfac614357bb8f"

[[package]]
name = "wasmer"
version = "1.1.0"
summary = "Python extension to run WebAssembly binaries"
files = [
    {file = "wasmer-1.1.0-cp310-cp310-macosx_10_7_x86_64.whl", hash = "sha256:c2af4b907ae2dabcac41e316e811d5937c93adf1f8b05c5d49427f8ce0f37630"},
    {file = "wasmer-1.1.0-cp310-cp310-manylinux_2_24_x86_64.whl", hash = "sha256:ab1ae980021e5ec0bf0c6cdd3b979b1d15a5f3eb2b8a32da8dcb1156e4a1e484"},
    {file = "wasmer-1.1.0-cp310-none-win_amd64.whl", hash = "sha256:d0d93aec6215893d33e803ef0a8d37bf948c585dd80ba0e23a83fafee820bc03"},
    {file = "wasmer-1.1.0-cp39-cp39-macosx_10_7_x86_64.whl", hash = "sha256:ee442f0970f40ec5e32011c92fd753fb2061da0faa13de13fafc730c31be34e3"},
    {file = "wasmer-1.1.0-cp39-cp39-macosx_11_0_arm64.whl", hash = "sha256:aa112198b743cff2e391230436813fb4b244a24443e37866522b7197e3a034da"},
    {file = "wasmer-1.1.0-cp39-cp39-manylinux_2_24_x86_64.whl", hash = "sha256:c0b37117f6d3ff51ee96431c7d224d99799b08d174e30fcd0fcd7e2e3cb8140c"},
    {file = "wasmer-1.1.0-cp39-none-win_amd64.whl", hash = "sha256:a0a4730ec4907a4cb0d9d4a77ea2608c2c814f22a22b73fc80be0f110e014836"},
    {file = "wasmer-1.1.0-py3-none-any.whl", hash = "sha256:2caf8c67feae9cd4246421551036917811c446da4f27ad4c989521ef42751931"},
]

[[package]]
name = "wasmer-compiler-cranelift"
version = "1.1.0"
summary = "The Cranelift compiler for the `wasmer` package (to compile WebAssembly module)"
files = [
    {file = "wasmer_compiler_cranelift-1.1.0-cp310-cp310-macosx_10_7_x86_64.whl", hash = "sha256:9869910179f39696a020edc5689f7759257ac1cce569a7a0fcf340c59788baad"},
    {file = "wasmer_compiler_cranelift-1.1.0-cp310-cp310-manylinux_2_24_x86_64.whl", hash = "sha256:405546ee864ac158a4107f374dfbb1c8d6cfb189829bdcd13050143a4bd98f28"},
    {file = "wasmer_compiler_cranelift-1.1.0-cp310-none-win_amd64.whl", hash = "sha256:bdf75af9ef082e6aeb752550f694273340ece970b65099e0746db0f972760d11"},
    {file = "wasmer_compiler_cranelift-1.1.0-cp39-cp39-macosx_10_7_x86_64.whl", hash = "sha256:ff25fc99ebafa04a6c271d08a90d17b927930e3019a2b333c7cfb48ba32c6f71"},
    {file = "wasmer_compiler_cranelift-1.1.0-cp39-cp39-macosx_11_0_arm64.whl", hash = "sha256:9697ae082317a56776df8ff7df8c922eac38488ef38d3478fe5f0ca144c185ab"},
    {file = "wasmer_compiler_cranelift-1.1.0-cp39-cp39-manylinux_2_24_x86_64.whl", hash = "sha256:2a4349b1ddd727bd46bc5ede741839dcfc5153c52f064a83998c4150d5d4a85c"},
    {file = "wasmer_compiler_cranelift-1.1.0-cp39-none-win_amd64.whl", hash = "sha256:32fe38614fccc933da77ee4372904a5fa9c12b859209a2e4048a8284c4c371f2"},
    {file = "wasmer_compiler_cranelift-1.1.0-py3-none-any.whl", hash = "sha256:200fea80609cfb088457327acf66d5aa61f4c4f66b5a71133ada960b534c7355"},
]
